lockfileVersion: '9.0'

settings:
  autoInstallPeers: true
  excludeLinksFromLockfile: false

importers:

  .:
    dependencies:
      '@world2agent/sdk':
        specifier: 0.1.0-alpha.1
        version: 0.1.0-alpha.1(zod@3.25.76)
    devDependencies:
      '@types/node':
        specifier: ^25.5.0
        version: 25.6.0
      typescript:
        specifier: ^5.8.3
        version: 5.9.3

packages:

  '@types/node@25.6.0':
    resolution: {integrity: sha512-+qIYRKdNYJwY3vRCZMdJbPLJAtGjQBudzZzdzwQYkEPQd+PJGixUL5QfvCLDaULoLv+RhT3LDkwEfKaAkgSmNQ==}

  '@world2agent/sdk@0.1.0-alpha.1':
    resolution: {integrity: sha512-YfCdXPyX9Zm811fsT0kiTfCRW7iOZ4ByYZCwlqeKZbXRy8/RxJrse6KGzexfZWAXv0L8Gl8ZvOJTs4WesfIiaQ==}
    engines: {node: '>=20'}
    peerDependencies:
      zod: ^3.25.0

  typescript@5.9.3:
    resolution: {integrity: sha512-jl1vZzPDinLr9eUt3J/t7V6FgNEw9QjvBPdysz9KfQDD41fQrC2Y4vKQdiaUpFT4bXlb1RHhLpp8wtm6M5TgSw==}
    engines: {node: '>=14.17'}
    hasBin: true

  undici-types@7.19.2:
    resolution: {integrity: sha512-qYVnV5OEm2AW8cJMCpdV20CDyaN3g0AjDlOGf1OW4iaDEx8MwdtChUp4zu4H0VP3nDRF/8RKWH+IPp9uW0YGZg==}

  zod@3.25.76:
    resolution: {integrity: sha512-gzUt/qt81nXsFGKIFcC3YnfEAx5NkunCfnDlvuBSSFS02bcXu4Lmea0AFIUwbLWxWPx3d9p8S5QoaujKcNQxcQ==}

snapshots:

  '@types/node@25.6.0':
    dependencies:
      undici-types: 7.19.2

  '@world2agent/sdk@0.1.0-alpha.1(zod@3.25.76)':
    dependencies:
      zod: 3.25.76

  typescript@5.9.3: {}

  undici-types@7.19.2: {}

  zod@3.25.76: {}
